Microsoft Visual Studio Solution File, Format Version 12.00
# Visual Studio Version 17
VisualStudioVersion = 17.5.2.0
MinimumVisualStudioVersion = 10.0.40219.1
Project("{FAE04EC0-301F-11D3-BF4B-00C04F79EFBC}") = "WebThuCung", "WebThuCung.csproj", "{93AB394B-F688-6BC1-3169-5A7D972DFDB2}"
EndProject
Global
	GlobalSection(SolutionConfigurationPlatforms) = preSolution
		Debug|Any CPU = Debug|Any CPU
		Release|Any CPU = Release|Any CPU
	EndGlobalSection
	GlobalSection(ProjectConfigurationPlatforms) = postSolution
		{93AB394B-F688-6BC1-3169-5A7D972DFDB2}.Debug|Any CPU.ActiveCfg = Debug|Any CPU
		{93AB394B-F688-6BC1-3169-5A7D972DFDB2}.Debug|Any CPU.Build.0 = Debug|Any CPU
		{93AB394B-F688-6BC1-3169-5A7D972DFDB2}.Release|Any CPU.ActiveCfg = Release|Any CPU
		{93AB394B-F688-6BC1-3169-5A7D972DFDB2}.Release|Any CPU.Build.0 = Release|Any CPU
	EndGlobalSection
	GlobalSection(SolutionProperties) = preSolution
		HideSolutionNode = FALSE
	EndGlobalSection
	GlobalSection(ExtensibilityGlobals) = postSolution
		SolutionGuid = {224851DF-AD65-40E8-B0EC-654F04A1B0B1}
	EndGlobalSection
EndGlobal
